Microsoft Visual Studio Solution File, Format Version 12.00
# Visual Studio Version 17
VisualStudioVersion = 17.5.2.0
MinimumVisualStudioVersion = 10.0.40219.1
Project("{9A19103F-16F7-4668-BE54-9A1E7A4F7556}") = "ContactUI", "ContactUI.csproj", "{5EB308FA-CAD5-4530-E6BF-CE65F831A019}"
EndProject
Global
	GlobalSection(SolutionConfigurationPlatforms) = preSolution
		Debug|Any CPU = Debug|Any CPU
		Release|Any CPU = Release|Any CPU
	EndGlobalSection
	GlobalSection(ProjectConfigurationPlatforms) = postSolution
		{5EB308FA-CAD5-4530-E6BF-CE65F831A019}.Debug|Any CPU.ActiveCfg = Debug|Any CPU
		{5EB308FA-CAD5-4530-E6BF-CE65F831A019}.Debug|Any CPU.Build.0 = Debug|Any CPU
		{5EB308FA-CAD5-4530-E6BF-CE65F831A019}.Release|Any CPU.ActiveCfg = Release|Any CPU
		{5EB308FA-CAD5-4530-E6BF-CE65F831A019}.Release|Any CPU.Build.0 = Release|Any CPU
	EndGlobalSection
	GlobalSection(SolutionProperties) = preSolution
		HideSolutionNode = FALSE
	EndGlobalSection
	GlobalSection(ExtensibilityGlobals) = postSolution
		SolutionGuid = {86653139-7F8E-45E1-9D2C-41C263D43D73}
	EndGlobalSection
EndGlobal
